{
  "name": "exam",
  "version": "1.0.0",
  "lockfileVersion": 1,
  "requires": true,
  "dependencies": {
    "three": {
      "version": "0.137.0",
      "resolved": "https://registry.npmjs.org/three/-/three-0.137.0.tgz",
      "integrity": "sha512-rzSDhia6cU35UCy6y+zEEws6vSgytfHqFMSaBvUcySgzwvDO6vETyswtSNi/+aVqJw8WLMwyT1mlQQ1T/dxxOA=="
    },
    "three-full": {
      "version": "17.2.0",
      "resolved": "https://registry.npmjs.org/three-full/-/three-full-17.2.0.tgz",
      "integrity": "sha512-6/SuKKPLCdcQJxujGnsVovA2zGPiB9tAKzKJ2PkZYdw8fULr+2C2sC591+B5lkZqUtpgxffxakHCjEv0mWdy6g=="
    }
  }
}
